
Microsoft Visual Studio Solution File, Format Version 12.00
# Visual Studio Version 16
VisualStudioVersion = 16.0.31410.357
MinimumVisualStudioVersion = 10.0.40219.1
Project("{9A19103F-16F7-4668-BE54-9A1E7A4F7556}") = "WebApplication.API", "WebApplication.API\WebApplication.API.csproj", "{37C898A5-B099-4247-906E-04C3417D40EF}"
EndProject
Project("{9A19103F-16F7-4668-BE54-9A1E7A4F7556}") = "WebApplication.Application.ViewModels", "WebApplication.Application.ViewModels\WebApplication.Application.ViewModels.csproj", "{52BDAF70-25E5-4EB0-9587-BB04DB732386}"
EndProject
Project("{9A19103F-16F7-4668-BE54-9A1E7A4F7556}") = "WebApplication.Domain.Entities", "WebApplication.Domain.Entities\WebApplication.Domain.Entities.csproj", "{24AB0387-6D02-454C-8204-1B704C68B929}"
EndProject
Project("{2150E333-8FDC-42A3-9474-1A3956D46DE8}") = "1 Application", "1 Application", "{876CC3E4-C958-4702-9065-06BFCFE63F69}"
EndProject
Project("{2150E333-8FDC-42A3-9474-1A3956D46DE8}") = "0 Domain", "0 Domain", "{3D882437-761C-46EE-979F-1380607AA39A}"
EndProject
Project("{2150E333-8FDC-42A3-9474-1A3956D46DE8}") = "3 Infrastructure", "3 Infrastructure", "{A775359D-3961-4881-88A9-4CD16F3F9E6C}"
EndProject
Project("{9A19103F-16F7-4668-BE54-9A1E7A4F7556}") = "WebApplication.IntegrationTests", "WebApplication.IntegrationTests\WebApplication.IntegrationTests.csproj", "{CAC4206C-DB8D-4EBB-8B26-3BF51005DE56}"
EndProject
Project("{9A19103F-16F7-4668-BE54-9A1E7A4F7556}") = "WebApplication.Application.UseCases", "WebApplication.Application.UseCases\WebApplication.Application.UseCases.csproj", "{1E7A3CD8-3369-49E4-93C3-78F1640CE016}"
EndProject
Project("{9A19103F-16F7-4668-BE54-9A1E7A4F7556}") = "WebApplication.Infrastructure.Persistence.MsSql", "WebApplication.Infrastructure.Persistence.MsSql\WebApplication.Infrastructure.Persistence.MsSql.csproj", "{4A1A345D-BC1E-4001-8A6E-4BD4594C052A}"
EndProject
Project("{9A19103F-16F7-4668-BE54-9A1E7A4F7556}") = "WebApplication.Application.Shared", "WebApplication.Application.Shared\WebApplication.Application.Shared.csproj", "{DCEC608F-ED4A-4CD2-8354-68B510D3DAB5}"
EndProject
Project("{9A19103F-16F7-4668-BE54-9A1E7A4F7556}") = "WebApplication.Application.ApiClient.Abstractions", "WebApplication.Application.ApiClient.Abstractions\WebApplication.Application.ApiClient.Abstractions.csproj", "{BDCB86F2-8EA3-4D7A-99EA-1A3FCF592335}"
EndProject
Project("{9A19103F-16F7-4668-BE54-9A1E7A4F7556}") = "WebApplication.Application.Identity.Abstractions", "WebApplication.Application.Identity.Abstractions\WebApplication.Application.Identity.Abstractions.csproj", "{687CE105-DD08-42B6-9341-EFDB45383DB8}"
EndProject
Project("{9A19103F-16F7-4668-BE54-9A1E7A4F7556}") = "WebApplication.Application.Persistence.Abstractions", "WebApplication.Application.Persistence.Abstractions\WebApplication.Application.Persistence.Abstractions.csproj", "{5DB5E1E4-F0ED-4540-BBBE-508949C99A1F}"
EndProject
Project("{9A19103F-16F7-4668-BE54-9A1E7A4F7556}") = "WebApplication.Infrastructure.ApiClient.Http", "WebApplication.Infrastructure.ApiClient.Http\WebApplication.Infrastructure.ApiClient.Http.csproj", "{F17AE255-ED30-4CAC-8FED-7E20753A118C}"
EndProject
Project("{9A19103F-16F7-4668-BE54-9A1E7A4F7556}") = "WebApplication.Infrastructure.Identity.GitHubApi", "WebApplication.Infrastructure.Identity.GithubApi\WebApplication.Infrastructure.Identity.GitHubApi.csproj", "{9F5C7A22-8D3E-4A66-A0A0-7D54B82C9559}"
EndProject
Project("{FAE04EC0-301F-11D3-BF4B-00C04F79EFBC}") = "WebApplication.Infrastructure.OpenApi.Swagger", "WebApplication.Infrastructure.OpenApi.Swagger\WebApplication.Infrastructure.OpenApi.Swagger.csproj", "{EE4A8662-E429-491A-95A1-52CF27D3726C}"
EndProject
Global
	GlobalSection(SolutionConfigurationPlatforms) = preSolution
		Debug|Any CPU = Debug|Any CPU
		Release|Any CPU = Release|Any CPU
	EndGlobalSection
	GlobalSection(ProjectConfigurationPlatforms) = postSolution
		{37C898A5-B099-4247-906E-04C3417D40EF}.Debug|Any CPU.ActiveCfg = Debug|Any CPU
		{37C898A5-B099-4247-906E-04C3417D40EF}.Debug|Any CPU.Build.0 = Debug|Any CPU
		{37C898A5-B099-4247-906E-04C3417D40EF}.Release|Any CPU.ActiveCfg = Release|Any CPU
		{37C898A5-B099-4247-906E-04C3417D40EF}.Release|Any CPU.Build.0 = Release|Any CPU
		{52BDAF70-25E5-4EB0-9587-BB04DB732386}.Debug|Any CPU.ActiveCfg = Debug|Any CPU
		{52BDAF70-25E5-4EB0-9587-BB04DB732386}.Debug|Any CPU.Build.0 = Debug|Any CPU
		{52BDAF70-25E5-4EB0-9587-BB04DB732386}.Release|Any CPU.ActiveCfg = Release|Any CPU
		{52BDAF70-25E5-4EB0-9587-BB04DB732386}.Release|Any CPU.Build.0 = Release|Any CPU
		{24AB0387-6D02-454C-8204-1B704C68B929}.Debug|Any CPU.ActiveCfg = Debug|Any CPU
		{24AB0387-6D02-454C-8204-1B704C68B929}.Debug|Any CPU.Build.0 = Debug|Any CPU
		{24AB0387-6D02-454C-8204-1B704C68B929}.Release|Any CPU.ActiveCfg = Release|Any CPU
		{24AB0387-6D02-454C-8204-1B704C68B929}.Release|Any CPU.Build.0 = Release|Any CPU
		{CAC4206C-DB8D-4EBB-8B26-3BF51005DE56}.Debug|Any CPU.ActiveCfg = Debug|Any CPU
		{CAC4206C-DB8D-4EBB-8B26-3BF51005DE56}.Debug|Any CPU.Build.0 = Debug|Any CPU
		{CAC4206C-DB8D-4EBB-8B26-3BF51005DE56}.Release|Any CPU.ActiveCfg = Release|Any CPU
		{CAC4206C-DB8D-4EBB-8B26-3BF51005DE56}.Release|Any CPU.Build.0 = Release|Any CPU
		{1E7A3CD8-3369-49E4-93C3-78F1640CE016}.Debug|Any CPU.ActiveCfg = Debug|Any CPU
		{1E7A3CD8-3369-49E4-93C3-78F1640CE016}.Debug|Any CPU.Build.0 = Debug|Any CPU
		{1E7A3CD8-3369-49E4-93C3-78F1640CE016}.Release|Any CPU.ActiveCfg = Release|Any CPU
		{1E7A3CD8-3369-49E4-93C3-78F1640CE016}.Release|Any CPU.Build.0 = Release|Any CPU
		{4A1A345D-BC1E-4001-8A6E-4BD4594C052A}.Debug|Any CPU.ActiveCfg = Debug|Any CPU
		{4A1A345D-BC1E-4001-8A6E-4BD4594C052A}.Debug|Any CPU.Build.0 = Debug|Any CPU
		{4A1A345D-BC1E-4001-8A6E-4BD4594C052A}.Release|Any CPU.ActiveCfg = Release|Any CPU
		{4A1A345D-BC1E-4001-8A6E-4BD4594C052A}.Release|Any CPU.Build.0 = Release|Any CPU
		{DCEC608F-ED4A-4CD2-8354-68B510D3DAB5}.Debug|Any CPU.ActiveCfg = Debug|Any CPU
		{DCEC608F-ED4A-4CD2-8354-68B510D3DAB5}.Debug|Any CPU.Build.0 = Debug|Any CPU
		{DCEC608F-ED4A-4CD2-8354-68B510D3DAB5}.Release|Any CPU.ActiveCfg = Release|Any CPU
		{DCEC608F-ED4A-4CD2-8354-68B510D3DAB5}.Release|Any CPU.Build.0 = Release|Any CPU
		{BDCB86F2-8EA3-4D7A-99EA-1A3FCF592335}.Debug|Any CPU.ActiveCfg = Debug|Any CPU
		{BDCB86F2-8EA3-4D7A-99EA-1A3FCF592335}.Debug|Any CPU.Build.0 = Debug|Any CPU
		{BDCB86F2-8EA3-4D7A-99EA-1A3FCF592335}.Release|Any CPU.ActiveCfg = Release|Any CPU
		{BDCB86F2-8EA3-4D7A-99EA-1A3FCF592335}.Release|Any CPU.Build.0 = Release|Any CPU
		{687CE105-DD08-42B6-9341-EFDB45383DB8}.Debug|Any CPU.ActiveCfg = Debug|Any CPU
		{687CE105-DD08-42B6-9341-EFDB45383DB8}.Debug|Any CPU.Build.0 = Debug|Any CPU
		{687CE105-DD08-42B6-9341-EFDB45383DB8}.Release|Any CPU.ActiveCfg = Release|Any CPU
		{687CE105-DD08-42B6-9341-EFDB45383DB8}.Release|Any CPU.Build.0 = Release|Any CPU
		{5DB5E1E4-F0ED-4540-BBBE-508949C99A1F}.Debug|Any CPU.ActiveCfg = Debug|Any CPU
		{5DB5E1E4-F0ED-4540-BBBE-508949C99A1F}.Debug|Any CPU.Build.0 = Debug|Any CPU
		{5DB5E1E4-F0ED-4540-BBBE-508949C99A1F}.Release|Any CPU.ActiveCfg = Release|Any CPU
		{5DB5E1E4-F0ED-4540-BBBE-508949C99A1F}.Release|Any CPU.Build.0 = Release|Any CPU
		{F17AE255-ED30-4CAC-8FED-7E20753A118C}.Debug|Any CPU.ActiveCfg = Debug|Any CPU
		{F17AE255-ED30-4CAC-8FED-7E20753A118C}.Debug|Any CPU.Build.0 = Debug|Any CPU
		{F17AE255-ED30-4CAC-8FED-7E20753A118C}.Release|Any CPU.ActiveCfg = Release|Any CPU
		{F17AE255-ED30-4CAC-8FED-7E20753A118C}.Release|Any CPU.Build.0 = Release|Any CPU
		{9F5C7A22-8D3E-4A66-A0A0-7D54B82C9559}.Debug|Any CPU.ActiveCfg = Debug|Any CPU
		{9F5C7A22-8D3E-4A66-A0A0-7D54B82C9559}.Debug|Any CPU.Build.0 = Debug|Any CPU
		{9F5C7A22-8D3E-4A66-A0A0-7D54B82C9559}.Release|Any CPU.ActiveCfg = Release|Any CPU
		{9F5C7A22-8D3E-4A66-A0A0-7D54B82C9559}.Release|Any CPU.Build.0 = Release|Any CPU
		{EE4A8662-E429-491A-95A1-52CF27D3726C}.Debug|Any CPU.ActiveCfg = Debug|Any CPU
		{EE4A8662-E429-491A-95A1-52CF27D3726C}.Debug|Any CPU.Build.0 = Debug|Any CPU
		{EE4A8662-E429-491A-95A1-52CF27D3726C}.Release|Any CPU.ActiveCfg = Release|Any CPU
		{EE4A8662-E429-491A-95A1-52CF27D3726C}.Release|Any CPU.Build.0 = Release|Any CPU
	EndGlobalSection
	GlobalSection(SolutionProperties) = preSolution
		HideSolutionNode = FALSE
	EndGlobalSection
	GlobalSection(NestedProjects) = preSolution
		{52BDAF70-25E5-4EB0-9587-BB04DB732386} = {876CC3E4-C958-4702-9065-06BFCFE63F69}
		{24AB0387-6D02-454C-8204-1B704C68B929} = {3D882437-761C-46EE-979F-1380607AA39A}
		{1E7A3CD8-3369-49E4-93C3-78F1640CE016} = {876CC3E4-C958-4702-9065-06BFCFE63F69}
		{4A1A345D-BC1E-4001-8A6E-4BD4594C052A} = {A775359D-3961-4881-88A9-4CD16F3F9E6C}
		{DCEC608F-ED4A-4CD2-8354-68B510D3DAB5} = {876CC3E4-C958-4702-9065-06BFCFE63F69}
		{BDCB86F2-8EA3-4D7A-99EA-1A3FCF592335} = {876CC3E4-C958-4702-9065-06BFCFE63F69}
		{687CE105-DD08-42B6-9341-EFDB45383DB8} = {876CC3E4-C958-4702-9065-06BFCFE63F69}
		{5DB5E1E4-F0ED-4540-BBBE-508949C99A1F} = {876CC3E4-C958-4702-9065-06BFCFE63F69}
		{F17AE255-ED30-4CAC-8FED-7E20753A118C} = {A775359D-3961-4881-88A9-4CD16F3F9E6C}
		{9F5C7A22-8D3E-4A66-A0A0-7D54B82C9559} = {A775359D-3961-4881-88A9-4CD16F3F9E6C}
		{EE4A8662-E429-491A-95A1-52CF27D3726C} = {A775359D-3961-4881-88A9-4CD16F3F9E6C}
	EndGlobalSection
	GlobalSection(ExtensibilityGlobals) = postSolution
		SolutionGuid = {8562F0FC-9825-4EE8-BA0A-DE0E709E53E2}
	EndGlobalSection
EndGlobal
