
Microsoft Visual Studio Solution File, Format Version 12.00
# Visual Studio Version 17
VisualStudioVersion = 17.1.32210.238
MinimumVisualStudioVersion = 10.0.40219.1
Project("{2150E333-8FDC-42A3-9474-1A3956D46DE8}") = "StyleCop", "StyleCop", "{DECAB06A-BD97-467B-BAB4-6CB3FE015FFF}"
EndProject
Project("{9A19103F-16F7-4668-BE54-9A1E7A4F7556}") = "StyleCopNuget", "StyleCopNuget\StyleCopNuget.csproj", "{6CA24564-6B1E-402F-A50F-7379EB4EBC77}"
EndProject
Project("{9A19103F-16F7-4668-BE54-9A1E7A4F7556}") = "Shapes", "Shapes\Shapes.csproj", "{E02B3680-8707-40CC-B1BF-2DED2E7F851B}"
EndProject
Project("{2150E333-8FDC-42A3-9474-1A3956D46DE8}") = "_SolutionItems", "_SolutionItems", "{44C29A8F-6334-45B3-87D1-F8356FD04AB2}"
	ProjectSection(SolutionItems) = preProject
		.editorconfig = .editorconfig
		dotnet-tools.json = dotnet-tools.json
		nuget.config = nuget.config
	EndProjectSection
EndProject
Project("{9A19103F-16F7-4668-BE54-9A1E7A4F7556}") = "LocalNugetFeed", "LocalNugetFeed\LocalNugetFeed.csproj", "{8AFA0135-F2FC-4D30-8BA4-F5D514DECDA2}"
EndProject
Project("{2150E333-8FDC-42A3-9474-1A3956D46DE8}") = "CustomAnalyzers", "CustomAnalyzers", "{B687981C-709E-4B04-AAE9-20CA16C78A16}"
EndProject
Project("{2150E333-8FDC-42A3-9474-1A3956D46DE8}") = "AsyncMethod", "AsyncMethod", "{7ABC3B1A-5A86-4173-B75F-825A04616D28}"
EndProject
Project("{9A19103F-16F7-4668-BE54-9A1E7A4F7556}") = "AsyncMethodAnalyzer", "CustomAnalyzers\AsyncMethod\AsyncMethodAnalyzer\AsyncMethodAnalyzer.csproj", "{E605AD27-3E4D-47B1-9FCF-EB7B6E6FC1DF}"
EndProject
Project("{9A19103F-16F7-4668-BE54-9A1E7A4F7556}") = "AsyncMethodAnalyzer.CodeFixes", "CustomAnalyzers\AsyncMethod\AsyncMethodAnalyzer.CodeFixes\AsyncMethodAnalyzer.CodeFixes.csproj", "{E3F748EA-D9E1-4C08-BFC4-E5D6F14DFFF7}"
EndProject
Project("{9A19103F-16F7-4668-BE54-9A1E7A4F7556}") = "AsyncMethodAnalyzer.Test", "CustomAnalyzers\AsyncMethod\AsyncMethodAnalyzer.Test\AsyncMethodAnalyzer.Test.csproj", "{9ABFD517-3E19-4C55-B355-D6B570F8E3DC}"
EndProject
Project("{9A19103F-16F7-4668-BE54-9A1E7A4F7556}") = "AsyncMethodAnalyzer.Vsix", "CustomAnalyzers\AsyncMethod\AsyncMethodAnalyzer.Vsix\AsyncMethodAnalyzer.Vsix.csproj", "{C6AA360F-F2A5-44E8-BB33-7A0B4BCBEAB8}"
EndProject
Global
	GlobalSection(SolutionConfigurationPlatforms) = preSolution
		Debug|Any CPU = Debug|Any CPU
		Release|Any CPU = Release|Any CPU
	EndGlobalSection
	GlobalSection(ProjectConfigurationPlatforms) = postSolution
		{6CA24564-6B1E-402F-A50F-7379EB4EBC77}.Debug|Any CPU.ActiveCfg = Debug|Any CPU
		{6CA24564-6B1E-402F-A50F-7379EB4EBC77}.Debug|Any CPU.Build.0 = Debug|Any CPU
		{6CA24564-6B1E-402F-A50F-7379EB4EBC77}.Release|Any CPU.ActiveCfg = Release|Any CPU
		{6CA24564-6B1E-402F-A50F-7379EB4EBC77}.Release|Any CPU.Build.0 = Release|Any CPU
		{E02B3680-8707-40CC-B1BF-2DED2E7F851B}.Debug|Any CPU.ActiveCfg = Debug|Any CPU
		{E02B3680-8707-40CC-B1BF-2DED2E7F851B}.Debug|Any CPU.Build.0 = Debug|Any CPU
		{E02B3680-8707-40CC-B1BF-2DED2E7F851B}.Release|Any CPU.ActiveCfg = Release|Any CPU
		{E02B3680-8707-40CC-B1BF-2DED2E7F851B}.Release|Any CPU.Build.0 = Release|Any CPU
		{8AFA0135-F2FC-4D30-8BA4-F5D514DECDA2}.Debug|Any CPU.ActiveCfg = Debug|Any CPU
		{8AFA0135-F2FC-4D30-8BA4-F5D514DECDA2}.Debug|Any CPU.Build.0 = Debug|Any CPU
		{8AFA0135-F2FC-4D30-8BA4-F5D514DECDA2}.Release|Any CPU.ActiveCfg = Release|Any CPU
		{8AFA0135-F2FC-4D30-8BA4-F5D514DECDA2}.Release|Any CPU.Build.0 = Release|Any CPU
		{E605AD27-3E4D-47B1-9FCF-EB7B6E6FC1DF}.Debug|Any CPU.ActiveCfg = Debug|Any CPU
		{E605AD27-3E4D-47B1-9FCF-EB7B6E6FC1DF}.Debug|Any CPU.Build.0 = Debug|Any CPU
		{E605AD27-3E4D-47B1-9FCF-EB7B6E6FC1DF}.Release|Any CPU.ActiveCfg = Release|Any CPU
		{E605AD27-3E4D-47B1-9FCF-EB7B6E6FC1DF}.Release|Any CPU.Build.0 = Release|Any CPU
		{E3F748EA-D9E1-4C08-BFC4-E5D6F14DFFF7}.Debug|Any CPU.ActiveCfg = Debug|Any CPU
		{E3F748EA-D9E1-4C08-BFC4-E5D6F14DFFF7}.Debug|Any CPU.Build.0 = Debug|Any CPU
		{E3F748EA-D9E1-4C08-BFC4-E5D6F14DFFF7}.Release|Any CPU.ActiveCfg = Release|Any CPU
		{E3F748EA-D9E1-4C08-BFC4-E5D6F14DFFF7}.Release|Any CPU.Build.0 = Release|Any CPU
		{9ABFD517-3E19-4C55-B355-D6B570F8E3DC}.Debug|Any CPU.ActiveCfg = Debug|Any CPU
		{9ABFD517-3E19-4C55-B355-D6B570F8E3DC}.Debug|Any CPU.Build.0 = Debug|Any CPU
		{9ABFD517-3E19-4C55-B355-D6B570F8E3DC}.Release|Any CPU.ActiveCfg = Release|Any CPU
		{9ABFD517-3E19-4C55-B355-D6B570F8E3DC}.Release|Any CPU.Build.0 = Release|Any CPU
		{C6AA360F-F2A5-44E8-BB33-7A0B4BCBEAB8}.Debug|Any CPU.ActiveCfg = Debug|Any CPU
		{C6AA360F-F2A5-44E8-BB33-7A0B4BCBEAB8}.Debug|Any CPU.Build.0 = Debug|Any CPU
		{C6AA360F-F2A5-44E8-BB33-7A0B4BCBEAB8}.Release|Any CPU.ActiveCfg = Release|Any CPU
		{C6AA360F-F2A5-44E8-BB33-7A0B4BCBEAB8}.Release|Any CPU.Build.0 = Release|Any CPU
	EndGlobalSection
	GlobalSection(SolutionProperties) = preSolution
		HideSolutionNode = FALSE
	EndGlobalSection
	GlobalSection(NestedProjects) = preSolution
		{6CA24564-6B1E-402F-A50F-7379EB4EBC77} = {DECAB06A-BD97-467B-BAB4-6CB3FE015FFF}
		{E02B3680-8707-40CC-B1BF-2DED2E7F851B} = {DECAB06A-BD97-467B-BAB4-6CB3FE015FFF}
		{44C29A8F-6334-45B3-87D1-F8356FD04AB2} = {DECAB06A-BD97-467B-BAB4-6CB3FE015FFF}
		{8AFA0135-F2FC-4D30-8BA4-F5D514DECDA2} = {DECAB06A-BD97-467B-BAB4-6CB3FE015FFF}
		{B687981C-709E-4B04-AAE9-20CA16C78A16} = {DECAB06A-BD97-467B-BAB4-6CB3FE015FFF}
		{7ABC3B1A-5A86-4173-B75F-825A04616D28} = {B687981C-709E-4B04-AAE9-20CA16C78A16}
		{E605AD27-3E4D-47B1-9FCF-EB7B6E6FC1DF} = {7ABC3B1A-5A86-4173-B75F-825A04616D28}
		{E3F748EA-D9E1-4C08-BFC4-E5D6F14DFFF7} = {7ABC3B1A-5A86-4173-B75F-825A04616D28}
		{9ABFD517-3E19-4C55-B355-D6B570F8E3DC} = {7ABC3B1A-5A86-4173-B75F-825A04616D28}
		{C6AA360F-F2A5-44E8-BB33-7A0B4BCBEAB8} = {7ABC3B1A-5A86-4173-B75F-825A04616D28}
	EndGlobalSection
	GlobalSection(ExtensibilityGlobals) = postSolution
		SolutionGuid = {6327DE05-44C9-496E-95D2-56CA24FED015}
	EndGlobalSection
EndGlobal
