
Microsoft Visual Studio Solution File, Format Version 12.00
# Visual Studio Version 17
VisualStudioVersion = 17.1.32328.378
MinimumVisualStudioVersion = 10.0.40219.1
Project("{9A19103F-16F7-4668-BE54-9A1E7A4F7556}") = "FunWithLogger", "FunWithLogger\FunWithLogger.csproj", "{CE919F7B-DB0E-4D84-8C93-FF2E49DC4054}"
EndProject
Project("{FAE04EC0-301F-11D3-BF4B-00C04F79EFBC}") = "FunWithSerilog", "FunWithSerilog\FunWithSerilog.csproj", "{42D5CFF9-F3ED-4860-A16A-3701CE821592}"
EndProject
Project("{2150E333-8FDC-42A3-9474-1A3956D46DE8}") = "Solution Items", "Solution Items", "{F6A80148-38D6-4F0B-87CD-00F10E6949A2}"
	ProjectSection(SolutionItems) = preProject
		docker-compose.yaml = docker-compose.yaml
		down.cmd = down.cmd
		start-kibana.cmd = start-kibana.cmd
		up.cmd = up.cmd
	EndProjectSection
EndProject
Global
	GlobalSection(SolutionConfigurationPlatforms) = preSolution
		Debug|Any CPU = Debug|Any CPU
		Release|Any CPU = Release|Any CPU
	EndGlobalSection
	GlobalSection(ProjectConfigurationPlatforms) = postSolution
		{CE919F7B-DB0E-4D84-8C93-FF2E49DC4054}.Debug|Any CPU.ActiveCfg = Debug|Any CPU
		{CE919F7B-DB0E-4D84-8C93-FF2E49DC4054}.Debug|Any CPU.Build.0 = Debug|Any CPU
		{CE919F7B-DB0E-4D84-8C93-FF2E49DC4054}.Release|Any CPU.ActiveCfg = Release|Any CPU
		{CE919F7B-DB0E-4D84-8C93-FF2E49DC4054}.Release|Any CPU.Build.0 = Release|Any CPU
		{42D5CFF9-F3ED-4860-A16A-3701CE821592}.Debug|Any CPU.ActiveCfg = Debug|Any CPU
		{42D5CFF9-F3ED-4860-A16A-3701CE821592}.Debug|Any CPU.Build.0 = Debug|Any CPU
		{42D5CFF9-F3ED-4860-A16A-3701CE821592}.Release|Any CPU.ActiveCfg = Release|Any CPU
		{42D5CFF9-F3ED-4860-A16A-3701CE821592}.Release|Any CPU.Build.0 = Release|Any CPU
	EndGlobalSection
	GlobalSection(SolutionProperties) = preSolution
		HideSolutionNode = FALSE
	EndGlobalSection
	GlobalSection(ExtensibilityGlobals) = postSolution
		SolutionGuid = {D7692273-9C05-460A-B6DB-4F31C9FA86E6}
	EndGlobalSection
EndGlobal
