
Microsoft Visual Studio Solution File, Format Version 12.00
# Visual Studio Version 16
VisualStudioVersion = 16.0.31515.178
MinimumVisualStudioVersion = 10.0.40219.1
Project("{9A19103F-16F7-4668-BE54-9A1E7A4F7556}") = "EfCore.MockLib", "EfCore.MockLib\EfCore.MockLib.csproj", "{C63EB3A0-6B5A-4088-9AD9-292ECBAAB638}"
EndProject
Global
	GlobalSection(SolutionConfigurationPlatforms) = preSolution
		Debug|Any CPU = Debug|Any CPU
		Release|Any CPU = Release|Any CPU
	EndGlobalSection
	GlobalSection(ProjectConfigurationPlatforms) = postSolution
		{C63EB3A0-6B5A-4088-9AD9-292ECBAAB638}.Debug|Any CPU.ActiveCfg = Debug|Any CPU
		{C63EB3A0-6B5A-4088-9AD9-292ECBAAB638}.Debug|Any CPU.Build.0 = Debug|Any CPU
		{C63EB3A0-6B5A-4088-9AD9-292ECBAAB638}.Release|Any CPU.ActiveCfg = Release|Any CPU
		{C63EB3A0-6B5A-4088-9AD9-292ECBAAB638}.Release|Any CPU.Build.0 = Release|Any CPU
	EndGlobalSection
	GlobalSection(SolutionProperties) = preSolution
		HideSolutionNode = FALSE
	EndGlobalSection
	GlobalSection(ExtensibilityGlobals) = postSolution
		SolutionGuid = {269C2B98-3A90-458E-93A8-19663E7DE091}
	EndGlobalSection
EndGlobal
