
Microsoft Visual Studio Solution File, Format Version 12.00
# Visual Studio Version 16
VisualStudioVersion = 16.0.31424.327
MinimumVisualStudioVersion = 10.0.40219.1
Project("{9A19103F-16F7-4668-BE54-9A1E7A4F7556}") = "WebAppTests", "WebAppTests\WebAppTests.csproj", "{52B9928E-3853-4263-9FCE-0DBF64F0F57E}"
EndProject
Project("{2150E333-8FDC-42A3-9474-1A3956D46DE8}") = "Tests", "Tests", "{A163E625-6812-4589-98E8-7972498691C9}"
EndProject
Project("{9092AA53-FB77-4645-B42D-1CCCA6BD08BD}") = "LoadTests.K6", "LoadTests.K6\LoadTests.K6.njsproj", "{0BADAF19-93A3-4CE3-942B-D7A1F920CBB3}"
EndProject
Global
	GlobalSection(SolutionConfigurationPlatforms) = preSolution
		Debug|Any CPU = Debug|Any CPU
		Release|Any CPU = Release|Any CPU
	EndGlobalSection
	GlobalSection(ProjectConfigurationPlatforms) = postSolution
		{52B9928E-3853-4263-9FCE-0DBF64F0F57E}.Debug|Any CPU.ActiveCfg = Debug|Any CPU
		{52B9928E-3853-4263-9FCE-0DBF64F0F57E}.Debug|Any CPU.Build.0 = Debug|Any CPU
		{52B9928E-3853-4263-9FCE-0DBF64F0F57E}.Release|Any CPU.ActiveCfg = Release|Any CPU
		{52B9928E-3853-4263-9FCE-0DBF64F0F57E}.Release|Any CPU.Build.0 = Release|Any CPU
		{0BADAF19-93A3-4CE3-942B-D7A1F920CBB3}.Debug|Any CPU.ActiveCfg = Debug|Any CPU
		{0BADAF19-93A3-4CE3-942B-D7A1F920CBB3}.Debug|Any CPU.Build.0 = Debug|Any CPU
		{0BADAF19-93A3-4CE3-942B-D7A1F920CBB3}.Release|Any CPU.ActiveCfg = Release|Any CPU
		{0BADAF19-93A3-4CE3-942B-D7A1F920CBB3}.Release|Any CPU.Build.0 = Release|Any CPU
	EndGlobalSection
	GlobalSection(SolutionProperties) = preSolution
		HideSolutionNode = FALSE
	EndGlobalSection
	GlobalSection(NestedProjects) = preSolution
		{0BADAF19-93A3-4CE3-942B-D7A1F920CBB3} = {A163E625-6812-4589-98E8-7972498691C9}
	EndGlobalSection
	GlobalSection(ExtensibilityGlobals) = postSolution
		SolutionGuid = {BBFC951A-E22E-4B1A-9B84-9DE391A61E45}
	EndGlobalSection
EndGlobal
