
Microsoft Visual Studio Solution File, Format Version 12.00
# Visual Studio Version 17
VisualStudioVersion = 17.1.32228.430
MinimumVisualStudioVersion = 10.0.40219.1
Project("{9A19103F-16F7-4668-BE54-9A1E7A4F7556}") = "FunWithTests", "FunWithTests\FunWithTests.csproj", "{6A1CB54C-24A4-4ED4-9CF4-7B82EAFBAB4D}"
EndProject
Project("{9A19103F-16F7-4668-BE54-9A1E7A4F7556}") = "IdentityServer", "IdentityServer\IdentityServer.csproj", "{4D438BF8-09FD-4675-8204-6C1AA5F89272}"
EndProject
Project("{9A19103F-16F7-4668-BE54-9A1E7A4F7556}") = "FunWithTests.IntegrationTests", "FunWithTests.IntegrationTests\FunWithTests.IntegrationTests.csproj", "{F81C7FFC-EFBB-4019-AEBB-01908E5C1A70}"
EndProject
Project("{2150E333-8FDC-42A3-9474-1A3956D46DE8}") = "Apps", "Apps", "{10847C76-73CA-4B1C-9515-A2BB0C9FDD88}"
	ProjectSection(SolutionItems) = preProject
		docker-compose.yml = docker-compose.yml
	EndProjectSection
EndProject
Project("{9A19103F-16F7-4668-BE54-9A1E7A4F7556}") = "Domain", "Domain\Domain.csproj", "{4B8522B2-3001-4DD6-91FA-51C05CE87C66}"
EndProject
Project("{9A19103F-16F7-4668-BE54-9A1E7A4F7556}") = "FunWithTests.UnitTests", "FunWithTests.UnitTests\FunWithTests.UnitTests.csproj", "{B5D707E9-7F2B-4B0A-A5B0-6317D747B0E3}"
EndProject
Project("{9A19103F-16F7-4668-BE54-9A1E7A4F7556}") = "Mocha", "Mocha\Mocha.csproj", "{796D27E6-DE2A-4386-AC74-83FBC012D4B7}"
EndProject
Project("{9A19103F-16F7-4668-BE54-9A1E7A4F7556}") = "ConsoleApp1", "ConsoleApp1\ConsoleApp1.csproj", "{6FCACA68-7F0A-4F01-A3B3-C166801A59E8}"
EndProject
Project("{9A19103F-16F7-4668-BE54-9A1E7A4F7556}") = "FunWithTests.BehaviorTests", "FunWithTests.BehaviorTests\FunWithTests.BehaviorTests.csproj", "{CBA3279C-BD6D-472E-9ADF-6C4CF97058FA}"
EndProject
Global
	GlobalSection(SolutionConfigurationPlatforms) = preSolution
		Debug|Any CPU = Debug|Any CPU
		Release|Any CPU = Release|Any CPU
	EndGlobalSection
	GlobalSection(ProjectConfigurationPlatforms) = postSolution
		{6A1CB54C-24A4-4ED4-9CF4-7B82EAFBAB4D}.Debug|Any CPU.ActiveCfg = Debug|Any CPU
		{6A1CB54C-24A4-4ED4-9CF4-7B82EAFBAB4D}.Debug|Any CPU.Build.0 = Debug|Any CPU
		{6A1CB54C-24A4-4ED4-9CF4-7B82EAFBAB4D}.Release|Any CPU.ActiveCfg = Release|Any CPU
		{6A1CB54C-24A4-4ED4-9CF4-7B82EAFBAB4D}.Release|Any CPU.Build.0 = Release|Any CPU
		{4D438BF8-09FD-4675-8204-6C1AA5F89272}.Debug|Any CPU.ActiveCfg = Debug|Any CPU
		{4D438BF8-09FD-4675-8204-6C1AA5F89272}.Debug|Any CPU.Build.0 = Debug|Any CPU
		{4D438BF8-09FD-4675-8204-6C1AA5F89272}.Release|Any CPU.ActiveCfg = Release|Any CPU
		{4D438BF8-09FD-4675-8204-6C1AA5F89272}.Release|Any CPU.Build.0 = Release|Any CPU
		{F81C7FFC-EFBB-4019-AEBB-01908E5C1A70}.Debug|Any CPU.ActiveCfg = Debug|Any CPU
		{F81C7FFC-EFBB-4019-AEBB-01908E5C1A70}.Debug|Any CPU.Build.0 = Debug|Any CPU
		{F81C7FFC-EFBB-4019-AEBB-01908E5C1A70}.Release|Any CPU.ActiveCfg = Release|Any CPU
		{F81C7FFC-EFBB-4019-AEBB-01908E5C1A70}.Release|Any CPU.Build.0 = Release|Any CPU
		{4B8522B2-3001-4DD6-91FA-51C05CE87C66}.Debug|Any CPU.ActiveCfg = Debug|Any CPU
		{4B8522B2-3001-4DD6-91FA-51C05CE87C66}.Debug|Any CPU.Build.0 = Debug|Any CPU
		{4B8522B2-3001-4DD6-91FA-51C05CE87C66}.Release|Any CPU.ActiveCfg = Release|Any CPU
		{4B8522B2-3001-4DD6-91FA-51C05CE87C66}.Release|Any CPU.Build.0 = Release|Any CPU
		{B5D707E9-7F2B-4B0A-A5B0-6317D747B0E3}.Debug|Any CPU.ActiveCfg = Debug|Any CPU
		{B5D707E9-7F2B-4B0A-A5B0-6317D747B0E3}.Debug|Any CPU.Build.0 = Debug|Any CPU
		{B5D707E9-7F2B-4B0A-A5B0-6317D747B0E3}.Release|Any CPU.ActiveCfg = Release|Any CPU
		{B5D707E9-7F2B-4B0A-A5B0-6317D747B0E3}.Release|Any CPU.Build.0 = Release|Any CPU
		{796D27E6-DE2A-4386-AC74-83FBC012D4B7}.Debug|Any CPU.ActiveCfg = Debug|Any CPU
		{796D27E6-DE2A-4386-AC74-83FBC012D4B7}.Debug|Any CPU.Build.0 = Debug|Any CPU
		{796D27E6-DE2A-4386-AC74-83FBC012D4B7}.Release|Any CPU.ActiveCfg = Release|Any CPU
		{796D27E6-DE2A-4386-AC74-83FBC012D4B7}.Release|Any CPU.Build.0 = Release|Any CPU
		{6FCACA68-7F0A-4F01-A3B3-C166801A59E8}.Debug|Any CPU.ActiveCfg = Debug|Any CPU
		{6FCACA68-7F0A-4F01-A3B3-C166801A59E8}.Debug|Any CPU.Build.0 = Debug|Any CPU
		{6FCACA68-7F0A-4F01-A3B3-C166801A59E8}.Release|Any CPU.ActiveCfg = Release|Any CPU
		{6FCACA68-7F0A-4F01-A3B3-C166801A59E8}.Release|Any CPU.Build.0 = Release|Any CPU
		{CBA3279C-BD6D-472E-9ADF-6C4CF97058FA}.Debug|Any CPU.ActiveCfg = Debug|Any CPU
		{CBA3279C-BD6D-472E-9ADF-6C4CF97058FA}.Debug|Any CPU.Build.0 = Debug|Any CPU
		{CBA3279C-BD6D-472E-9ADF-6C4CF97058FA}.Release|Any CPU.ActiveCfg = Release|Any CPU
		{CBA3279C-BD6D-472E-9ADF-6C4CF97058FA}.Release|Any CPU.Build.0 = Release|Any CPU
	EndGlobalSection
	GlobalSection(SolutionProperties) = preSolution
		HideSolutionNode = FALSE
	EndGlobalSection
	GlobalSection(NestedProjects) = preSolution
		{6A1CB54C-24A4-4ED4-9CF4-7B82EAFBAB4D} = {10847C76-73CA-4B1C-9515-A2BB0C9FDD88}
		{4D438BF8-09FD-4675-8204-6C1AA5F89272} = {10847C76-73CA-4B1C-9515-A2BB0C9FDD88}
		{4B8522B2-3001-4DD6-91FA-51C05CE87C66} = {10847C76-73CA-4B1C-9515-A2BB0C9FDD88}
		{796D27E6-DE2A-4386-AC74-83FBC012D4B7} = {10847C76-73CA-4B1C-9515-A2BB0C9FDD88}
		{6FCACA68-7F0A-4F01-A3B3-C166801A59E8} = {10847C76-73CA-4B1C-9515-A2BB0C9FDD88}
	EndGlobalSection
	GlobalSection(ExtensibilityGlobals) = postSolution
		SolutionGuid = {15BC5E7B-4878-4E70-870E-92FC3286932B}
	EndGlobalSection
EndGlobal
