
Microsoft Visual Studio Solution File, Format Version 12.00
# Visual Studio 14
VisualStudioVersion = 14.0.25420.1
MinimumVisualStudioVersion = 10.0.40219.1
Project("{FAE04EC0-301F-11D3-BF4B-00C04F79EFBC}") = "AdvancedDictionary", "AdvancedDictionary\AdvancedDictionary.csproj", "{94815FB3-C1A4-401B-A730-CB9D1002E34B}"
EndProject
Project("{54435603-DBB4-11D2-8724-00A0C9A8B90C}") = "Setup", "Setup\Setup.vdproj", "{6A6DAF42-24E9-49CF-BFA6-B6ABC49365DB}"
EndProject
Global
	GlobalSection(SolutionConfigurationPlatforms) = preSolution
		Debug|Any CPU = Debug|Any CPU
		Release|Any CPU = Release|Any CPU
	EndGlobalSection
	GlobalSection(ProjectConfigurationPlatforms) = postSolution
		{94815FB3-C1A4-401B-A730-CB9D1002E34B}.Debug|Any CPU.ActiveCfg = Debug|Any CPU
		{94815FB3-C1A4-401B-A730-CB9D1002E34B}.Debug|Any CPU.Build.0 = Debug|Any CPU
		{94815FB3-C1A4-401B-A730-CB9D1002E34B}.Release|Any CPU.ActiveCfg = Release|Any CPU
		{94815FB3-C1A4-401B-A730-CB9D1002E34B}.Release|Any CPU.Build.0 = Release|Any CPU
		{6A6DAF42-24E9-49CF-BFA6-B6ABC49365DB}.Debug|Any CPU.ActiveCfg = Debug
		{6A6DAF42-24E9-49CF-BFA6-B6ABC49365DB}.Release|Any CPU.ActiveCfg = Release
	EndGlobalSection
	GlobalSection(SolutionProperties) = preSolution
		HideSolutionNode = FALSE
	EndGlobalSection
EndGlobal
